// !$*UTF8*$!
{
	archiveVersion = 1;
	classes = {
	};
	objectVersion = 50;
	objects = {

/* Begin PBXBuildFile section */
		71378BB22362FDDF00E5CFB3 /* AppDelegate.swift in Sources */ = {isa = PBXBuildFile; fileRef = 71378BB12362FDDF00E5CFB3 /* AppDelegate.swift */; };
		71378BB42362FDDF00E5CFB3 /* SceneDelegate.swift in Sources */ = {isa = PBXBuildFile; fileRef = 71378BB32362FDDF00E5CFB3 /* SceneDelegate.swift */; };
		71378BB62362FDDF00E5CFB3 /* ViewController.swift in Sources */ = {isa = PBXBuildFile; fileRef = 71378BB52362FDDF00E5CFB3 /* ViewController.swift */; };
		71378BB92362FDDF00E5CFB3 /* Main.storyboard in Resources */ = {isa = PBXBuildFile; fileRef = 71378BB72362FDDF00E5CFB3 /* Main.storyboard */; };
		71378BBB2362FDE000E5CFB3 /* Assets.xcassets in Resources */ = {isa = PBXBuildFile; fileRef = 71378BBA2362FDE000E5CFB3 /* Assets.xcassets */; };
		71378BBE2362FDE000E5CFB3 /* LaunchScreen.storyboard in Resources */ = {isa = PBXBuildFile; fileRef = 71378BBC2362FDE000E5CFB3 /* LaunchScreen.storyboard */; };
		71378BC62362FEBE00E5CFB3 /* AddViewController.swift in Sources */ = {isa = PBXBuildFile; fileRef = 71378BC52362FEBE00E5CFB3 /* AddViewController.swift */; };
		71B4D7312363E3C900EA18DB /* ScreenViewController.swift in Sources */ = {isa = PBXBuildFile; fileRef = 71B4D7302363E3C900EA18DB /* ScreenViewController.swift */; };
		71DD612E236413B300935F30 /* EditViewController.swift in Sources */ = {isa = PBXBuildFile; fileRef = 71DD612D236413B300935F30 /* EditViewController.swift */; };
/* End PBXBuildFile section */

/* Begin PBXFileReference section */
		71378BAE2362FDDF00E5CFB3 /* wordcase 0.2.app */ = {isa = PBXFileReference; explicitFileType = wrapper.application; includeInIndex = 0; path = "wordcase 0.2.app"; sourceTree = BUILT_PRODUCTS_DIR; };
		71378BB12362FDDF00E5CFB3 /* AppDelegate.swift */ = {isa = PBXFileReference; lastKnownFileType = sourcecode.swift; path = AppDelegate.swift; sourceTree = "<group>"; };
		71378BB32362FDDF00E5CFB3 /* SceneDelegate.swift */ = {isa = PBXFileReference; lastKnownFileType = sourcecode.swift; path = SceneDelegate.swift; sourceTree = "<group>"; };
		71378BB52362FDDF00E5CFB3 /* ViewController.swift */ = {isa = PBXFileReference; lastKnownFileType = sourcecode.swift; path = ViewController.swift; sourceTree = "<group>"; };
		71378BB82362FDDF00E5CFB3 /* Base */ = {isa = PBXFileReference; lastKnownFileType = file.storyboard; name = Base; path = Base.lproj/Main.storyboard; sourceTree = "<group>"; };
		71378BBA2362FDE000E5CFB3 /* Assets.xcassets */ = {isa = PBXFileReference; lastKnownFileType = folder.assetcatalog; path = Assets.xcassets; sourceTree = "<group>"; };
		71378BBD2362FDE000E5CFB3 /* Base */ = {isa = PBXFileReference; lastKnownFileType = file.storyboard; name = Base; path = Base.lproj/LaunchScreen.storyboard; sourceTree = "<group>"; };
		71378BBF2362FDE000E5CFB3 /* Info.plist */ = {isa = PBXFileReference; lastKnownFileType = text.plist.xml; path = Info.plist; sourceTree = "<group>"; };
		71378BC52362FEBE00E5CFB3 /* AddViewController.swift */ = {isa = PBXFileReference; lastKnownFileType = sourcecode.swift; path = AddViewController.swift; sourceTree = "<group>"; };
		71B4D7302363E3C900EA18DB /* ScreenViewController.swift */ = {isa = PBXFileReference; lastKnownFileType = sourcecode.swift; path = ScreenViewController.swift; sourceTree = "<group>"; };
		71DD612D236413B300935F30 /* EditViewController.swift */ = {isa = PBXFileReference; lastKnownFileType = sourcecode.swift; path = EditViewController.swift; sourceTree = "<group>"; };
/* End PBXFileReference section */

/* Begin PBXFrameworksBuildPhase section */
		71378BAB2362FDDF00E5CFB3 /* Frameworks */ = {
			isa = PBXFrameworksBuildPhase;
			buildActionMask = 2147483647;
			files = (
			);
			runOnlyForDeploymentPostprocessing = 0;
		};
/* End PBXFrameworksBuildPhase section */

/* Begin PBXGroup section */
		71378BA52362FDDF00E5CFB3 = {
			isa = PBXGroup;
			children = (
				71378BB02362FDDF00E5CFB3 /* wordcase 0.2 */,
				71378BAF2362FDDF00E5CFB3 /* Products */,
			);
			sourceTree = "<group>";
		};
		71378BAF2362FDDF00E5CFB3 /* Products */ = {
			isa = PBXGroup;
			children = (
				71378BAE2362FDDF00E5CFB3 /* wordcase 0.2.app */,
			);
			name = Products;
			sourceTree = "<group>";
		};
		71378BB02362FDDF00E5CFB3 /* wordcase 0.2 */ = {
			isa = PBXGroup;
			children = (
				71378BB12362FDDF00E5CFB3 /* AppDelegate.swift */,
				71378BB32362FDDF00E5CFB3 /* SceneDelegate.swift */,
				71378BB52362FDDF00E5CFB3 /* ViewController.swift */,
				71378BC52362FEBE00E5CFB3 /* AddViewController.swift */,
				71DD612D236413B300935F30 /* EditViewController.swift */,
				71B4D7302363E3C900EA18DB /* ScreenViewController.swift */,
				71378BB72362FDDF00E5CFB3 /* Main.storyboard */,
				71378BBA2362FDE000E5CFB3 /* Assets.xcassets */,
				71378BBC2362FDE000E5CFB3 /* LaunchScreen.storyboard */,
				71378BBF2362FDE000E5CFB3 /* Info.plist */,
			);
			path = "wordcase 0.2";
			sourceTree = "<group>";
		};
/* End PBXGroup section */

/* Begin PBXNativeTarget section */
		71378BAD2362FDDF00E5CFB3 /* wordcase 0.2 */ = {
			isa = PBXNativeTarget;
			buildConfigurationList = 71378BC22362FDE000E5CFB3 /* Build configuration list for PBXNativeTarget "wordcase 0.2" */;
			buildPhases = (
				71378BAA2362FDDF00E5CFB3 /* Sources */,
				71378BAB2362FDDF00E5CFB3 /* Frameworks */,
				71378BAC2362FDDF00E5CFB3 /* Resources */,
			);
			buildRules = (
			);
			dependencies = (
			);
			name = "wordcase 0.2";
			productName = "wordcase 0.2";
			productReference = 71378BAE2362FDDF00E5CFB3 /* wordcase 0.2.app */;
			productType = "com.apple.product-type.application";
		};
/* End PBXNativeTarget section */

/* Begin PBXProject section */
		71378BA62362FDDF00E5CFB3 /* Project object */ = {
			isa = PBXProject;
			attributes = {
				LastSwiftUpdateCheck = 1110;
				LastUpgradeCheck = 1110;
				ORGANIZATIONNAME = "Shuhei Shintani";
				TargetAttributes = {
					71378BAD2362FDDF00E5CFB3 = {
						CreatedOnToolsVersion = 11.1;
					};
				};
			};
			buildConfigurationList = 71378BA92362FDDF00E5CFB3 /* Build configuration list for PBXProject "wordcase 0.2" */;
			compatibilityVersion = "Xcode 9.3";
			developmentRegion = en;
			hasScannedForEncodings = 0;
			knownRegions = (
				en,
				Base,
			);
			mainGroup = 71378BA52362FDDF00E5CFB3;
			productRefGroup = 71378BAF2362FDDF00E5CFB3 /* Products */;
			projectDirPath = "";
			projectRoot = "";
			targets = (
				71378BAD2362FDDF00E5CFB3 /* wordcase 0.2 */,
			);
		};
/* End PBXProject section */

/* Begin PBXResourcesBuildPhase section */
		71378BAC2362FDDF00E5CFB3 /* Resources */ = {
			isa = PBXResourcesBuildPhase;
			buildActionMask = 2147483647;
			files = (
				71378BBE2362FDE000E5CFB3 /* LaunchScreen.storyboard in Resources */,
				71378BBB2362FDE000E5CFB3 /* Assets.xcassets in Resources */,
				71378BB92362FDDF00E5CFB3 /* Main.storyboard in Resources */,
			);
			runOnlyForDeploymentPostprocessing = 0;
		};
/* End PBXResourcesBuildPhase section */

/* Begin PBXSourcesBuildPhase section */
		71378BAA2362FDDF00E5CFB3 /* Sources */ = {
			isa = PBXSourcesBuildPhase;
			buildActionMask = 2147483647;
			files = (
				71378BB62362FDDF00E5CFB3 /* ViewController.swift in Sources */,
				71378BB22362FDDF00E5CFB3 /* AppDelegate.swift in Sources */,
				71DD612E236413B300935F30 /* EditViewController.swift in Sources */,
				71B4D7312363E3C900EA18DB /* ScreenViewController.swift in Sources */,
				71378BC62362FEBE00E5CFB3 /* AddViewController.swift in Sources */,
				71378BB42362FDDF00E5CFB3 /* SceneDelegate.swift in Sources */,
			);
			runOnlyForDeploymentPostprocessing = 0;
		};
/* End PBXSourcesBuildPhase section */

/* Begin PBXVariantGroup section */
		71378BB72362FDDF00E5CFB3 /* Main.storyboard */ = {
			isa = PBXVariantGroup;
			children = (
				71378BB82362FDDF00E5CFB3 /* Base */,
			);
			name = Main.storyboard;
			sourceTree = "<group>";
		};
		71378BBC2362FDE000E5CFB3 /* LaunchScreen.storyboard */ = {
			isa = PBXVariantGroup;
			children = (
				71378BBD2362FDE000E5CFB3 /* Base */,
			);
			name = LaunchScreen.storyboard;
			sourceTree = "<group>";
		};
/* End PBXVariantGroup section */

/* Begin XCBuildConfiguration section */
		71378BC02362FDE000E5CFB3 /* Debug */ = {
			isa = XCBuildConfiguration;
			buildSettings = {
				ALWAYS_SEARCH_USER_PATHS = NO;
				CLANG_ANALYZER_NONNULL = YES;
				CLANG_ANALYZER_NUMBER_OBJECT_CONVERSION = YES_AGGRESSIVE;
				CLANG_CXX_LANGUAGE_STANDARD = "gnu++14";
				CLANG_CXX_LIBRARY = "libc++";
				CLANG_ENABLE_MODULES = YES;
				CLANG_ENABLE_OBJC_ARC = YES;
				CLANG_ENABLE_OBJC_WEAK = YES;
				CLANG_WARN_BLOCK_CAPTURE_AUTORELEASING = YES;
				CLANG_WARN_BOOL_CONVERSION = YES;
				CLANG_WARN_COMMA = YES;
				CLANG_WARN_CONSTANT_CONVERSION = YES;
				CLANG_WARN_DEPRECATED_OBJC_IMPLEMENTATIONS = YES;
				CLANG_WARN_DIRECT_OBJC_ISA_USAGE = YES_ERROR;
				CLANG_WARN_DOCUMENTATION_COMMENTS = YES;
				CLANG_WARN_EMPTY_BODY = YES;
				CLANG_WARN_ENUM_CONVERSION = YES;
				CLANG_WARN_INFINITE_RECURSION = YES;
				CLANG_WARN_INT_CONVERSION = YES;
				CLANG_WARN_NON_LITERAL_NULL_CONVERSION = YES;
				CLANG_WARN_OBJC_IMPLICIT_RETAIN_SELF = YES;
				CLANG_WARN_OBJC_LITERAL_CONVERSION = YES;
				CLANG_WARN_OBJC_ROOT_CLASS = YES_ERROR;
				CLANG_WARN_RANGE_LOOP_ANALYSIS = YES;
				CLANG_WARN_STRICT_PROTOTYPES = YES;
				CLANG_WARN_SUSPICIOUS_MOVE = YES;
				CLANG_WARN_UNGUARDED_AVAILABILITY = YES_AGGRESSIVE;
				CLANG_WARN_UNREACHABLE_CODE = YES;
				CLANG_WARN__DUPLICATE_METHOD_MATCH = YES;
				COPY_PHASE_STRIP = NO;
				DEBUG_INFORMATION_FORMAT = dwarf;
				ENABLE_STRICT_OBJC_MSGSEND = YES;
				ENABLE_TESTABILITY = YES;
				GCC_C_LANGUAGE_STANDARD = gnu11;
				GCC_DYNAMIC_NO_PIC = NO;
				GCC_NO_COMMON_BLOCKS = YES;
				GCC_OPTIMIZATION_LEVEL = 0;
				GCC_PREPROCESSOR_DEFINITIONS = (
					"DEBUG=1",
					"$(inherited)",
				);
				GCC_WARN_64_TO_32_BIT_CONVERSION = YES;
				GCC_WARN_ABOUT_RETURN_TYPE = YES_ERROR;
				GCC_WARN_UNDECLARED_SELECTOR = YES;
				GCC_WARN_UNINITIALIZED_AUTOS = YES_AGGRESSIVE;
				GCC_WARN_UNUSED_FUNCTION = YES;
				GCC_WARN_UNUSED_VARIABLE = YES;
				IPHONEOS_DEPLOYMENT_TARGET = 13.1;
				MTL_ENABLE_DEBUG_INFO = INCLUDE_SOURCE;
				MTL_FAST_MATH = YES;
				ONLY_ACTIVE_ARCH = YES;
				SDKROOT = iphoneos;
				SWIFT_ACTIVE_COMPILATION_CONDITIONS = DEBUG;
				SWIFT_OPTIMIZATION_LEVEL = "-Onone";
			};
			name = Debug;
		};
		71378BC12362FDE000E5CFB3 /* Release */ = {
			isa = XCBuildConfiguration;
			buildSettings = {
				ALWAYS_SEARCH_USER_PATHS = NO;
				CLANG_ANALYZER_NONNULL = YES;
				CLANG_ANALYZER_NUMBER_OBJECT_CONVERSION = YES_AGGRESSIVE;
				CLANG_CXX_LANGUAGE_STANDARD = "gnu++14";
				CLANG_CXX_LIBRARY = "libc++";
				CLANG_ENABLE_MODULES = YES;
				CLANG_ENABLE_OBJC_ARC = YES;
				CLANG_ENABLE_OBJC_WEAK = YES;
				CLANG_WARN_BLOCK_CAPTURE_AUTORELEASING = YES;
				CLANG_WARN_BOOL_CONVERSION = YES;
				CLANG_WARN_COMMA = YES;
				CLANG_WARN_CONSTANT_CONVERSION = YES;
				CLANG_WARN_DEPRECATED_OBJC_IMPLEMENTATIONS = YES;
				CLANG_WARN_DIRECT_OBJC_ISA_USAGE = YES_ERROR;
				CLANG_WARN_DOCUMENTATION_COMMENTS = YES;
				CLANG_WARN_EMPTY_BODY = YES;
				CLANG_WARN_ENUM_CONVERSION = YES;
				CLANG_WARN_INFINITE_RECURSION = YES;
				CLANG_WARN_INT_CONVERSION = YES;
				CLANG_WARN_NON_LITERAL_NULL_CONVERSION = YES;
				CLANG_WARN_OBJC_IMPLICIT_RETAIN_SELF = YES;
				CLANG_WARN_OBJC_LITERAL_CONVERSION = YES;
				CLANG_WARN_OBJC_ROOT_CLASS = YES_ERROR;
				CLANG_WARN_RANGE_LOOP_ANALYSIS = YES;
				CLANG_WARN_STRICT_PROTOTYPES = YES;
				CLANG_WARN_SUSPICIOUS_MOVE = YES;
				CLANG_WARN_UNGUARDED_AVAILABILITY = YES_AGGRESSIVE;
				CLANG_WARN_UNREACHABLE_CODE = YES;
				CLANG_WARN__DUPLICATE_METHOD_MATCH = YES;
				COPY_PHASE_STRIP = NO;
				DEBUG_INFORMATION_FORMAT = "dwarf-with-dsym";
				ENABLE_NS_ASSERTIONS = NO;
				ENABLE_STRICT_OBJC_MSGSEND = YES;
				GCC_C_LANGUAGE_STANDARD = gnu11;
				GCC_NO_COMMON_BLOCKS = YES;
				GCC_WARN_64_TO_32_BIT_CONVERSION = YES;
				GCC_WARN_ABOUT_RETURN_TYPE = YES_ERROR;
				GCC_WARN_UNDECLARED_SELECTOR = YES;
				GCC_WARN_UNINITIALIZED_AUTOS = YES_AGGRESSIVE;
				GCC_WARN_UNUSED_FUNCTION = YES;
				GCC_WARN_UNUSED_VARIABLE = YES;
				IPHONEOS_DEPLOYMENT_TARGET = 13.1;
				MTL_ENABLE_DEBUG_INFO = NO;
				MTL_FAST_MATH = YES;
				SDKROOT = iphoneos;
				SWIFT_COMPILATION_MODE = wholemodule;
				SWIFT_OPTIMIZATION_LEVEL = "-O";
				VALIDATE_PRODUCT = YES;
			};
			name = Release;
		};
		71378BC32362FDE000E5CFB3 /* Debug */ = {
			isa = XCBuildConfiguration;
			buildSettings = {
				ASSETCATALOG_COMPILER_APPICON_NAME = AppIcon;
				CODE_SIGN_STYLE = Automatic;
				INFOPLIST_FILE = "wordcase 0.2/Info.plist";
				LD_RUNPATH_SEARCH_PATHS = (
					"$(inherited)",
					"@executable_path/Frameworks",
				);
				PRODUCT_BUNDLE_IDENTIFIER = "com.shuhei.cyf.wordcase-0-2";
				PRODUCT_NAME = "$(TARGET_NAME)";
				SWIFT_VERSION = 5.0;
				TARGETED_DEVICE_FAMILY = "1,2";
			};
			name = Debug;
		};
		71378BC42362FDE000E5CFB3 /* Release */ = {
			isa = XCBuildConfiguration;
			buildSettings = {
				ASSETCATALOG_COMPILER_APPICON_NAME = AppIcon;
				CODE_SIGN_STYLE = Automatic;
				INFOPLIST_FILE = "wordcase 0.2/Info.plist";
				LD_RUNPATH_SEARCH_PATHS = (
					"$(inherited)",
					"@executable_path/Frameworks",
				);
				PRODUCT_BUNDLE_IDENTIFIER = "com.shuhei.cyf.wordcase-0-2";
				PRODUCT_NAME = "$(TARGET_NAME)";
				SWIFT_VERSION = 5.0;
				TARGETED_DEVICE_FAMILY = "1,2";
			};
			name = Release;
		};
/* End XCBuildConfiguration section */

/* Begin XCConfigurationList section */
		71378BA92362FDDF00E5CFB3 /* Build configuration list for PBXProject "wordcase 0.2" */ = {
			isa = XCConfigurationList;
			buildConfigurations = (
				71378BC02362FDE000E5CFB3 /* Debug */,
				71378BC12362FDE000E5CFB3 /* Release */,
			);
			defaultConfigurationIsVisible = 0;
			defaultConfigurationName = Release;
		};
		71378BC22362FDE000E5CFB3 /* Build configuration list for PBXNativeTarget "wordcase 0.2" */ = {
			isa = XCConfigurationList;
			buildConfigurations = (
				71378BC32362FDE000E5CFB3 /* Debug */,
				71378BC42362FDE000E5CFB3 /* Release */,
			);
			defaultConfigurationIsVisible = 0;
			defaultConfigurationName = Release;
		};
/* End XCConfigurationList section */
	};
	rootObject = 71378BA62362FDDF00E5CFB3 /* Project object */;
}
